
Microsoft Visual Studio Solution File, Format Version 12.00
# Visual Studio Version 16
VisualStudioVersion = 16.0.29418.71
MinimumVisualStudioVersion = 10.0.40219.1
Project("{FAE04EC0-301F-11D3-BF4B-00C04F79EFBC}") = "CookieCutter", "CookieCutter\CookieCutter\CookieCutter.csproj", "{B1F57732-CDDD-495F-9650-183C82E0C462}"
EndProject
Project("{FAE04EC0-301F-11D3-BF4B-00C04F79EFBC}") = "CookieCutter.Android", "CookieCutter\CookieCutter.Android\CookieCutter.Android.csproj", "{D991732C-6D48-41AA-A975-CC71D08CE47F}"
EndProject
Project("{FAE04EC0-301F-11D3-BF4B-00C04F79EFBC}") = "CookieCutter.iOS", "CookieCutter\CookieCutter.iOS\CookieCutter.iOS.csproj", "{2236795D-BE8C-463C-99E5-C4585649B36A}"
EndProject
Project("{FAE04EC0-301F-11D3-BF4B-00C04F79EFBC}") = "CookieCutter.UWP", "CookieCutter\CookieCutter.UWP\CookieCutter.UWP.csproj", "{232098F9-D59B-479D-8578-624DE24925BB}"
EndProject
Global
	GlobalSection(SolutionConfigurationPlatforms) = preSolution
		Ad-Hoc|Any CPU = Ad-Hoc|Any CPU
		Ad-Hoc|ARM = Ad-Hoc|ARM
		Ad-Hoc|iPhone = Ad-Hoc|iPhone
		Ad-Hoc|iPhoneSimulator = Ad-Hoc|iPhoneSimulator
		Ad-Hoc|x64 = Ad-Hoc|x64
		Ad-Hoc|x86 = Ad-Hoc|x86
		AppStore|Any CPU = AppStore|Any CPU
		AppStore|ARM = AppStore|ARM
		AppStore|iPhone = AppStore|iPhone
		AppStore|iPhoneSimulator = AppStore|iPhoneSimulator
		AppStore|x64 = AppStore|x64
		AppStore|x86 = AppStore|x86
		Debug|Any CPU = Debug|Any CPU
		Debug|ARM = Debug|ARM
		Debug|iPhone = Debug|iPhone
		Debug|iPhoneSimulator = Debug|iPhoneSimulator
		Debug|x64 = Debug|x64
		Debug|x86 = Debug|x86
		Release|Any CPU = Release|Any CPU
		Release|ARM = Release|ARM
		Release|iPhone = Release|iPhone
		Release|iPhoneSimulator = Release|iPhoneSimulator
		Release|x64 = Release|x64
		Release|x86 = Release|x86
	EndGlobalSection
	GlobalSection(ProjectConfigurationPlatforms) = postSolution
		{B1F57732-CDDD-495F-9650-183C82E0C462}.Ad-Hoc|Any CPU.ActiveCfg = Debug|Any CPU
		{B1F57732-CDDD-495F-9650-183C82E0C462}.Ad-Hoc|Any CPU.Build.0 = Debug|Any CPU
		{B1F57732-CDDD-495F-9650-183C82E0C462}.Ad-Hoc|ARM.ActiveCfg = Debug|Any CPU
		{B1F57732-CDDD-495F-9650-183C82E0C462}.Ad-Hoc|ARM.Build.0 = Debug|Any CPU
		{B1F57732-CDDD-495F-9650-183C82E0C462}.Ad-Hoc|iPhone.ActiveCfg = Debug|Any CPU
		{B1F57732-CDDD-495F-9650-183C82E0C462}.Ad-Hoc|iPhone.Build.0 = Debug|Any CPU
		{B1F57732-CDDD-495F-9650-183C82E0C462}.Ad-Hoc|iPhoneSimulator.ActiveCfg = Debug|Any CPU
		{B1F57732-CDDD-495F-9650-183C82E0C462}.Ad-Hoc|iPhoneSimulator.Build.0 = Debug|Any CPU
		{B1F57732-CDDD-495F-9650-183C82E0C462}.Ad-Hoc|x64.ActiveCfg = Debug|Any CPU
		{B1F57732-CDDD-495F-9650-183C82E0C462}.Ad-Hoc|x64.Build.0 = Debug|Any CPU
		{B1F57732-CDDD-495F-9650-183C82E0C462}.Ad-Hoc|x86.ActiveCfg = Debug|Any CPU
		{B1F57732-CDDD-495F-9650-183C82E0C462}.Ad-Hoc|x86.Build.0 = Debug|Any CPU
		{B1F57732-CDDD-495F-9650-183C82E0C462}.AppStore|Any CPU.ActiveCfg = Debug|Any CPU
		{B1F57732-CDDD-495F-9650-183C82E0C462}.AppStore|Any CPU.Build.0 = Debug|Any CPU
		{B1F57732-CDDD-495F-9650-183C82E0C462}.AppStore|ARM.ActiveCfg = Debug|Any CPU
		{B1F57732-CDDD-495F-9650-183C82E0C462}.AppStore|ARM.Build.0 = Debug|Any CPU
		{B1F57732-CDDD-495F-9650-183C82E0C462}.AppStore|iPhone.ActiveCfg = Debug|Any CPU
		{B1F57732-CDDD-495F-9650-183C82E0C462}.AppStore|iPhone.Build.0 = Debug|Any CPU
		{B1F57732-CDDD-495F-9650-183C82E0C462}.AppStore|iPhoneSimulator.ActiveCfg = Debug|Any CPU
		{B1F57732-CDDD-495F-9650-183C82E0C462}.AppStore|iPhoneSimulator.Build.0 = Debug|Any CPU
		{B1F57732-CDDD-495F-9650-183C82E0C462}.AppStore|x64.ActiveCfg = Debug|Any CPU
		{B1F57732-CDDD-495F-9650-183C82E0C462}.AppStore|x64.Build.0 = Debug|Any CPU
		{B1F57732-CDDD-495F-9650-183C82E0C462}.AppStore|x86.ActiveCfg = Debug|Any CPU
		{B1F57732-CDDD-495F-9650-183C82E0C462}.AppStore|x86.Build.0 = Debug|Any CPU
		{B1F57732-CDDD-495F-9650-183C82E0C462}.Debug|Any CPU.ActiveCfg = Debug|Any CPU
		{B1F57732-CDDD-495F-9650-183C82E0C462}.Debug|Any CPU.Build.0 = Debug|Any CPU
		{B1F57732-CDDD-495F-9650-183C82E0C462}.Debug|ARM.ActiveCfg = Debug|Any CPU
		{B1F57732-CDDD-495F-9650-183C82E0C462}.Debug|ARM.Build.0 = Debug|Any CPU
		{B1F57732-CDDD-495F-9650-183C82E0C462}.Debug|iPhone.ActiveCfg = Debug|Any CPU
		{B1F57732-CDDD-495F-9650-183C82E0C462}.Debug|iPhone.Build.0 = Debug|Any CPU
		{B1F57732-CDDD-495F-9650-183C82E0C462}.Debug|iPhoneSimulator.ActiveCfg = Debug|Any CPU
		{B1F57732-CDDD-495F-9650-183C82E0C462}.Debug|iPhoneSimulator.Build.0 = Debug|Any CPU
		{B1F57732-CDDD-495F-9650-183C82E0C462}.Debug|x64.ActiveCfg = Debug|Any CPU
		{B1F57732-CDDD-495F-9650-183C82E0C462}.Debug|x64.Build.0 = Debug|Any CPU
		{B1F57732-CDDD-495F-9650-183C82E0C462}.Debug|x86.ActiveCfg = Debug|Any CPU
		{B1F57732-CDDD-495F-9650-183C82E0C462}.Debug|x86.Build.0 = Debug|Any CPU
		{B1F57732-CDDD-495F-9650-183C82E0C462}.Release|Any CPU.ActiveCfg = Release|Any CPU
		{B1F57732-CDDD-495F-9650-183C82E0C462}.Release|Any CPU.Build.0 = Release|Any CPU
		{B1F57732-CDDD-495F-9650-183C82E0C462}.Release|ARM.ActiveCfg = Release|Any CPU
		{B1F57732-CDDD-495F-9650-183C82E0C462}.Release|ARM.Build.0 = Release|Any CPU
		{B1F57732-CDDD-495F-9650-183C82E0C462}.Release|iPhone.ActiveCfg = Release|Any CPU
		{B1F57732-CDDD-495F-9650-183C82E0C462}.Release|iPhone.Build.0 = Release|Any CPU
		{B1F57732-CDDD-495F-9650-183C82E0C462}.Release|iPhoneSimulator.ActiveCfg = Release|Any CPU
		{B1F57732-CDDD-495F-9650-183C82E0C462}.Release|iPhoneSimulator.Build.0 = Release|Any CPU
		{B1F57732-CDDD-495F-9650-183C82E0C462}.Release|x64.ActiveCfg = Release|Any CPU
		{B1F57732-CDDD-495F-9650-183C82E0C462}.Release|x64.Build.0 = Release|Any CPU
		{B1F57732-CDDD-495F-9650-183C82E0C462}.Release|x86.ActiveCfg = Release|Any CPU
		{B1F57732-CDDD-495F-9650-183C82E0C462}.Release|x86.Build.0 = Release|Any CPU
		{D991732C-6D48-41AA-A975-CC71D08CE47F}.Ad-Hoc|Any CPU.ActiveCfg = Release|Any CPU
		{D991732C-6D48-41AA-A975-CC71D08CE47F}.Ad-Hoc|Any CPU.Build.0 = Release|Any CPU
		{D991732C-6D48-41AA-A975-CC71D08CE47F}.Ad-Hoc|Any CPU.Deploy.0 = Release|Any CPU
		{D991732C-6D48-41AA-A975-CC71D08CE47F}.Ad-Hoc|ARM.ActiveCfg = Release|Any CPU
		{D991732C-6D48-41AA-A975-CC71D08CE47F}.Ad-Hoc|ARM.Build.0 = Release|Any CPU
		{D991732C-6D48-41AA-A975-CC71D08CE47F}.Ad-Hoc|ARM.Deploy.0 = Release|Any CPU
		{D991732C-6D48-41AA-A975-CC71D08CE47F}.Ad-Hoc|iPhone.ActiveCfg = Release|Any CPU
		{D991732C-6D48-41AA-A975-CC71D08CE47F}.Ad-Hoc|iPhone.Build.0 = Release|Any CPU
		{D991732C-6D48-41AA-A975-CC71D08CE47F}.Ad-Hoc|iPhone.Deploy.0 = Release|Any CPU
		{D991732C-6D48-41AA-A975-CC71D08CE47F}.Ad-Hoc|iPhoneSimulator.ActiveCfg = Release|Any CPU
		{D991732C-6D48-41AA-A975-CC71D08CE47F}.Ad-Hoc|iPhoneSimulator.Build.0 = Release|Any CPU
		{D991732C-6D48-41AA-A975-CC71D08CE47F}.Ad-Hoc|iPhoneSimulator.Deploy.0 = Release|Any CPU
		{D991732C-6D48-41AA-A975-CC71D08CE47F}.Ad-Hoc|x64.ActiveCfg = Release|Any CPU
		{D991732C-6D48-41AA-A975-CC71D08CE47F}.Ad-Hoc|x64.Build.0 = Release|Any CPU
		{D991732C-6D48-41AA-A975-CC71D08CE47F}.Ad-Hoc|x64.Deploy.0 = Release|Any CPU
		{D991732C-6D48-41AA-A975-CC71D08CE47F}.Ad-Hoc|x86.ActiveCfg = Release|Any CPU
		{D991732C-6D48-41AA-A975-CC71D08CE47F}.Ad-Hoc|x86.Build.0 = Release|Any CPU
		{D991732C-6D48-41AA-A975-CC71D08CE47F}.Ad-Hoc|x86.Deploy.0 = Release|Any CPU
		{D991732C-6D48-41AA-A975-CC71D08CE47F}.AppStore|Any CPU.ActiveCfg = Release|Any CPU
		{D991732C-6D48-41AA-A975-CC71D08CE47F}.AppStore|Any CPU.Build.0 = Release|Any CPU
		{D991732C-6D48-41AA-A975-CC71D08CE47F}.AppStore|Any CPU.Deploy.0 = Release|Any CPU
		{D991732C-6D48-41AA-A975-CC71D08CE47F}.AppStore|ARM.ActiveCfg = Release|Any CPU
		{D991732C-6D48-41AA-A975-CC71D08CE47F}.AppStore|ARM.Build.0 = Release|Any CPU
		{D991732C-6D48-41AA-A975-CC71D08CE47F}.AppStore|ARM.Deploy.0 = Release|Any CPU
		{D991732C-6D48-41AA-A975-CC71D08CE47F}.AppStore|iPhone.ActiveCfg = Release|Any CPU
		{D991732C-6D48-41AA-A975-CC71D08CE47F}.AppStore|iPhone.Build.0 = Release|Any CPU
		{D991732C-6D48-41AA-A975-CC71D08CE47F}.AppStore|iPhone.Deploy.0 = Release|Any CPU
		{D991732C-6D48-41AA-A975-CC71D08CE47F}.AppStore|iPhoneSimulator.ActiveCfg = Release|Any CPU
		{D991732C-6D48-41AA-A975-CC71D08CE47F}.AppStore|iPhoneSimulator.Build.0 = Release|Any CPU
		{D991732C-6D48-41AA-A975-CC71D08CE47F}.AppStore|iPhoneSimulator.Deploy.0 = Release|Any CPU
		{D991732C-6D48-41AA-A975-CC71D08CE47F}.AppStore|x64.ActiveCfg = Release|Any CPU
		{D991732C-6D48-41AA-A975-CC71D08CE47F}.AppStore|x64.Build.0 = Release|Any CPU
		{D991732C-6D48-41AA-A975-CC71D08CE47F}.AppStore|x64.Deploy.0 = Release|Any CPU
		{D991732C-6D48-41AA-A975-CC71D08CE47F}.AppStore|x86.ActiveCfg = Release|Any CPU
		{D991732C-6D48-41AA-A975-CC71D08CE47F}.AppStore|x86.Build.0 = Release|Any CPU
		{D991732C-6D48-41AA-A975-CC71D08CE47F}.AppStore|x86.Deploy.0 = Release|Any CPU
		{D991732C-6D48-41AA-A975-CC71D08CE47F}.Debug|Any CPU.ActiveCfg = Debug|Any CPU
		{D991732C-6D48-41AA-A975-CC71D08CE47F}.Debug|Any CPU.Build.0 = Debug|Any CPU
		{D991732C-6D48-41AA-A975-CC71D08CE47F}.Debug|Any CPU.Deploy.0 = Debug|Any CPU
		{D991732C-6D48-41AA-A975-CC71D08CE47F}.Debug|ARM.ActiveCfg = Debug|Any CPU
		{D991732C-6D48-41AA-A975-CC71D08CE47F}.Debug|ARM.Build.0 = Debug|Any CPU
		{D991732C-6D48-41AA-A975-CC71D08CE47F}.Debug|ARM.Deploy.0 = Debug|Any CPU
		{D991732C-6D48-41AA-A975-CC71D08CE47F}.Debug|iPhone.ActiveCfg = Debug|Any CPU
		{D991732C-6D48-41AA-A975-CC71D08CE47F}.Debug|iPhone.Build.0 = Debug|Any CPU
		{D991732C-6D48-41AA-A975-CC71D08CE47F}.Debug|iPhone.Deploy.0 = Debug|Any CPU
		{D991732C-6D48-41AA-A975-CC71D08CE47F}.Debug|iPhoneSimulator.ActiveCfg = Debug|Any CPU
		{D991732C-6D48-41AA-A975-CC71D08CE47F}.Debug|iPhoneSimulator.Build.0 = Debug|Any CPU
		{D991732C-6D48-41AA-A975-CC71D08CE47F}.Debug|iPhoneSimulator.Deploy.0 = Debug|Any CPU
		{D991732C-6D48-41AA-A975-CC71D08CE47F}.Debug|x64.ActiveCfg = Debug|Any CPU
		{D991732C-6D48-41AA-A975-CC71D08CE47F}.Debug|x64.Build.0 = Debug|Any CPU
		{D991732C-6D48-41AA-A975-CC71D08CE47F}.Debug|x64.Deploy.0 = Debug|Any CPU
		{D991732C-6D48-41AA-A975-CC71D08CE47F}.Debug|x86.ActiveCfg = Debug|Any CPU
		{D991732C-6D48-41AA-A975-CC71D08CE47F}.Debug|x86.Build.0 = Debug|Any CPU
		{D991732C-6D48-41AA-A975-CC71D08CE47F}.Debug|x86.Deploy.0 = Debug|Any CPU
		{D991732C-6D48-41AA-A975-CC71D08CE47F}.Release|Any CPU.ActiveCfg = Release|Any CPU
		{D991732C-6D48-41AA-A975-CC71D08CE47F}.Release|Any CPU.Build.0 = Release|Any CPU
		{D991732C-6D48-41AA-A975-CC71D08CE47F}.Release|Any CPU.Deploy.0 = Release|Any CPU
		{D991732C-6D48-41AA-A975-CC71D08CE47F}.Release|ARM.ActiveCfg = Release|Any CPU
		{D991732C-6D48-41AA-A975-CC71D08CE47F}.Release|ARM.Build.0 = Release|Any CPU
		{D991732C-6D48-41AA-A975-CC71D08CE47F}.Release|ARM.Deploy.0 = Release|Any CPU
		{D991732C-6D48-41AA-A975-CC71D08CE47F}.Release|iPhone.ActiveCfg = Release|Any CPU
		{D991732C-6D48-41AA-A975-CC71D08CE47F}.Release|iPhone.Build.0 = Release|Any CPU
		{D991732C-6D48-41AA-A975-CC71D08CE47F}.Release|iPhone.Deploy.0 = Release|Any CPU
		{D991732C-6D48-41AA-A975-CC71D08CE47F}.Release|iPhoneSimulator.ActiveCfg = Release|Any CPU
		{D991732C-6D48-41AA-A975-CC71D08CE47F}.Release|iPhoneSimulator.Build.0 = Release|Any CPU
		{D991732C-6D48-41AA-A975-CC71D08CE47F}.Release|iPhoneSimulator.Deploy.0 = Release|Any CPU
		{D991732C-6D48-41AA-A975-CC71D08CE47F}.Release|x64.ActiveCfg = Release|Any CPU
		{D991732C-6D48-41AA-A975-CC71D08CE47F}.Release|x64.Build.0 = Release|Any CPU
		{D991732C-6D48-41AA-A975-CC71D08CE47F}.Release|x64.Deploy.0 = Release|Any CPU
		{D991732C-6D48-41AA-A975-CC71D08CE47F}.Release|x86.ActiveCfg = Release|Any CPU
		{D991732C-6D48-41AA-A975-CC71D08CE47F}.Release|x86.Build.0 = Release|Any CPU
		{D991732C-6D48-41AA-A975-CC71D08CE47F}.Release|x86.Deploy.0 = Release|Any CPU
		{2236795D-BE8C-463C-99E5-C4585649B36A}.Ad-Hoc|Any CPU.ActiveCfg = Ad-Hoc|iPhone
		{2236795D-BE8C-463C-99E5-C4585649B36A}.Ad-Hoc|ARM.ActiveCfg = Ad-Hoc|iPhone
		{2236795D-BE8C-463C-99E5-C4585649B36A}.Ad-Hoc|iPhone.ActiveCfg = Ad-Hoc|iPhone
		{2236795D-BE8C-463C-99E5-C4585649B36A}.Ad-Hoc|iPhone.Build.0 = Ad-Hoc|iPhone
		{2236795D-BE8C-463C-99E5-C4585649B36A}.Ad-Hoc|iPhoneSimulator.ActiveCfg = Ad-Hoc|iPhoneSimulator
		{2236795D-BE8C-463C-99E5-C4585649B36A}.Ad-Hoc|iPhoneSimulator.Build.0 = Ad-Hoc|iPhoneSimulator
		{2236795D-BE8C-463C-99E5-C4585649B36A}.Ad-Hoc|x64.ActiveCfg = Ad-Hoc|iPhone
		{2236795D-BE8C-463C-99E5-C4585649B36A}.Ad-Hoc|x86.ActiveCfg = Ad-Hoc|iPhone
		{2236795D-BE8C-463C-99E5-C4585649B36A}.AppStore|Any CPU.ActiveCfg = AppStore|iPhone
		{2236795D-BE8C-463C-99E5-C4585649B36A}.AppStore|ARM.ActiveCfg = AppStore|iPhone
		{2236795D-BE8C-463C-99E5-C4585649B36A}.AppStore|iPhone.ActiveCfg = AppStore|iPhone
		{2236795D-BE8C-463C-99E5-C4585649B36A}.AppStore|iPhone.Build.0 = AppStore|iPhone
		{2236795D-BE8C-463C-99E5-C4585649B36A}.AppStore|iPhoneSimulator.ActiveCfg = AppStore|iPhoneSimulator
		{2236795D-BE8C-463C-99E5-C4585649B36A}.AppStore|iPhoneSimulator.Build.0 = AppStore|iPhoneSimulator
		{2236795D-BE8C-463C-99E5-C4585649B36A}.AppStore|x64.ActiveCfg = AppStore|iPhone
		{2236795D-BE8C-463C-99E5-C4585649B36A}.AppStore|x86.ActiveCfg = AppStore|iPhone
		{2236795D-BE8C-463C-99E5-C4585649B36A}.Debug|Any CPU.ActiveCfg = Debug|iPhone
		{2236795D-BE8C-463C-99E5-C4585649B36A}.Debug|ARM.ActiveCfg = Debug|iPhone
		{2236795D-BE8C-463C-99E5-C4585649B36A}.Debug|iPhone.ActiveCfg = Debug|iPhone
		{2236795D-BE8C-463C-99E5-C4585649B36A}.Debug|iPhone.Build.0 = Debug|iPhone
		{2236795D-BE8C-463C-99E5-C4585649B36A}.Debug|iPhoneSimulator.ActiveCfg = Debug|iPhoneSimulator
		{2236795D-BE8C-463C-99E5-C4585649B36A}.Debug|iPhoneSimulator.Build.0 = Debug|iPhoneSimulator
		{2236795D-BE8C-463C-99E5-C4585649B36A}.Debug|x64.ActiveCfg = Debug|iPhone
		{2236795D-BE8C-463C-99E5-C4585649B36A}.Debug|x86.ActiveCfg = Debug|iPhone
		{2236795D-BE8C-463C-99E5-C4585649B36A}.Release|Any CPU.ActiveCfg = Release|iPhone
		{2236795D-BE8C-463C-99E5-C4585649B36A}.Release|ARM.ActiveCfg = Release|iPhone
		{2236795D-BE8C-463C-99E5-C4585649B36A}.Release|iPhone.ActiveCfg = Release|iPhone
		{2236795D-BE8C-463C-99E5-C4585649B36A}.Release|iPhone.Build.0 = Release|iPhone
		{2236795D-BE8C-463C-99E5-C4585649B36A}.Release|iPhoneSimulator.ActiveCfg = Release|iPhoneSimulator
		{2236795D-BE8C-463C-99E5-C4585649B36A}.Release|iPhoneSimulator.Build.0 = Release|iPhoneSimulator
		{2236795D-BE8C-463C-99E5-C4585649B36A}.Release|x64.ActiveCfg = Release|iPhone
		{2236795D-BE8C-463C-99E5-C4585649B36A}.Release|x86.ActiveCfg = Release|iPhone
		{232098F9-D59B-479D-8578-624DE24925BB}.Ad-Hoc|Any CPU.ActiveCfg = Release|x86
		{232098F9-D59B-479D-8578-624DE24925BB}.Ad-Hoc|Any CPU.Build.0 = Release|x86
		{232098F9-D59B-479D-8578-624DE24925BB}.Ad-Hoc|Any CPU.Deploy.0 = Release|x86
		{232098F9-D59B-479D-8578-624DE24925BB}.Ad-Hoc|ARM.ActiveCfg = Release|ARM
		{232098F9-D59B-479D-8578-624DE24925BB}.Ad-Hoc|ARM.Build.0 = Release|ARM
		{232098F9-D59B-479D-8578-624DE24925BB}.Ad-Hoc|ARM.Deploy.0 = Release|ARM
		{232098F9-D59B-479D-8578-624DE24925BB}.Ad-Hoc|iPhone.ActiveCfg = Release|x86
		{232098F9-D59B-479D-8578-624DE24925BB}.Ad-Hoc|iPhone.Build.0 = Release|x86
		{232098F9-D59B-479D-8578-624DE24925BB}.Ad-Hoc|iPhone.Deploy.0 = Release|x86
		{232098F9-D59B-479D-8578-624DE24925BB}.Ad-Hoc|iPhoneSimulator.ActiveCfg = Release|x86
		{232098F9-D59B-479D-8578-624DE24925BB}.Ad-Hoc|iPhoneSimulator.Build.0 = Release|x86
		{232098F9-D59B-479D-8578-624DE24925BB}.Ad-Hoc|iPhoneSimulator.Deploy.0 = Release|x86
		{232098F9-D59B-479D-8578-624DE24925BB}.Ad-Hoc|x64.ActiveCfg = Release|x64
		{232098F9-D59B-479D-8578-624DE24925BB}.Ad-Hoc|x64.Build.0 = Release|x64
		{232098F9-D59B-479D-8578-624DE24925BB}.Ad-Hoc|x64.Deploy.0 = Release|x64
		{232098F9-D59B-479D-8578-624DE24925BB}.Ad-Hoc|x86.ActiveCfg = Release|x86
		{232098F9-D59B-479D-8578-624DE24925BB}.Ad-Hoc|x86.Build.0 = Release|x86
		{232098F9-D59B-479D-8578-624DE24925BB}.Ad-Hoc|x86.Deploy.0 = Release|x86
		{232098F9-D59B-479D-8578-624DE24925BB}.AppStore|Any CPU.ActiveCfg = Release|x86
		{232098F9-D59B-479D-8578-624DE24925BB}.AppStore|Any CPU.Build.0 = Release|x86
		{232098F9-D59B-479D-8578-624DE24925BB}.AppStore|Any CPU.Deploy.0 = Release|x86
		{232098F9-D59B-479D-8578-624DE24925BB}.AppStore|ARM.ActiveCfg = Release|ARM
		{232098F9-D59B-479D-8578-624DE24925BB}.AppStore|ARM.Build.0 = Release|ARM
		{232098F9-D59B-479D-8578-624DE24925BB}.AppStore|ARM.Deploy.0 = Release|ARM
		{232098F9-D59B-479D-8578-624DE24925BB}.AppStore|iPhone.ActiveCfg = Release|x86
		{232098F9-D59B-479D-8578-624DE24925BB}.AppStore|iPhone.Build.0 = Release|x86
		{232098F9-D59B-479D-8578-624DE24925BB}.AppStore|iPhone.Deploy.0 = Release|x86
		{232098F9-D59B-479D-8578-624DE24925BB}.AppStore|iPhoneSimulator.ActiveCfg = Release|x86
		{232098F9-D59B-479D-8578-624DE24925BB}.AppStore|iPhoneSimulator.Build.0 = Release|x86
		{232098F9-D59B-479D-8578-624DE24925BB}.AppStore|iPhoneSimulator.Deploy.0 = Release|x86
		{232098F9-D59B-479D-8578-624DE24925BB}.AppStore|x64.ActiveCfg = Release|x64
		{232098F9-D59B-479D-8578-624DE24925BB}.AppStore|x64.Build.0 = Release|x64
		{232098F9-D59B-479D-8578-624DE24925BB}.AppStore|x64.Deploy.0 = Release|x64
		{232098F9-D59B-479D-8578-624DE24925BB}.AppStore|x86.ActiveCfg = Release|x86
		{232098F9-D59B-479D-8578-624DE24925BB}.AppStore|x86.Build.0 = Release|x86
		{232098F9-D59B-479D-8578-624DE24925BB}.AppStore|x86.Deploy.0 = Release|x86
		{232098F9-D59B-479D-8578-624DE24925BB}.Debug|Any CPU.ActiveCfg = Debug|x86
		{232098F9-D59B-479D-8578-624DE24925BB}.Debug|ARM.ActiveCfg = Debug|ARM
		{232098F9-D59B-479D-8578-624DE24925BB}.Debug|ARM.Build.0 = Debug|ARM
		{232098F9-D59B-479D-8578-624DE24925BB}.Debug|ARM.Deploy.0 = Debug|ARM
		{232098F9-D59B-479D-8578-624DE24925BB}.Debug|iPhone.ActiveCfg = Debug|x86
		{232098F9-D59B-479D-8578-624DE24925BB}.Debug|iPhoneSimulator.ActiveCfg = Debug|x86
		{232098F9-D59B-479D-8578-624DE24925BB}.Debug|x64.ActiveCfg = Debug|x64
		{232098F9-D59B-479D-8578-624DE24925BB}.Debug|x64.Build.0 = Debug|x64
		{232098F9-D59B-479D-8578-624DE24925BB}.Debug|x64.Deploy.0 = Debug|x64
		{232098F9-D59B-479D-8578-624DE24925BB}.Debug|x86.ActiveCfg = Debug|x86
		{232098F9-D59B-479D-8578-624DE24925BB}.Debug|x86.Build.0 = Debug|x86
		{232098F9-D59B-479D-8578-624DE24925BB}.Debug|x86.Deploy.0 = Debug|x86
		{232098F9-D59B-479D-8578-624DE24925BB}.Release|Any CPU.ActiveCfg = Release|x86
		{232098F9-D59B-479D-8578-624DE24925BB}.Release|ARM.ActiveCfg = Release|ARM
		{232098F9-D59B-479D-8578-624DE24925BB}.Release|ARM.Build.0 = Release|ARM
		{232098F9-D59B-479D-8578-624DE24925BB}.Release|ARM.Deploy.0 = Release|ARM
		{232098F9-D59B-479D-8578-624DE24925BB}.Release|iPhone.ActiveCfg = Release|x86
		{232098F9-D59B-479D-8578-624DE24925BB}.Release|iPhoneSimulator.ActiveCfg = Release|x86
		{232098F9-D59B-479D-8578-624DE24925BB}.Release|x64.ActiveCfg = Release|x64
		{232098F9-D59B-479D-8578-624DE24925BB}.Release|x64.Build.0 = Release|x64
		{232098F9-D59B-479D-8578-624DE24925BB}.Release|x64.Deploy.0 = Release|x64
		{232098F9-D59B-479D-8578-624DE24925BB}.Release|x86.ActiveCfg = Release|x86
		{232098F9-D59B-479D-8578-624DE24925BB}.Release|x86.Build.0 = Release|x86
		{232098F9-D59B-479D-8578-624DE24925BB}.Release|x86.Deploy.0 = Release|x86
	EndGlobalSection
	GlobalSection(SolutionProperties) = preSolution
		HideSolutionNode = FALSE
	EndGlobalSection
	GlobalSection(ExtensibilityGlobals) = postSolution
		SolutionGuid = {CE4ABDEC-920D-426C-8503-32674D79424C}
	EndGlobalSection
EndGlobal
